// !$*UTF8*$!
{
	archiveVersion = 1;
	classes = {
	};
	objectVersion = 54;
	objects = {

/* Begin PBXBuildFile section */
		00E356F31AD99517003FC87E /* AyanaFoodOrganicTests.m in Sources */ = {isa = PBXBuildFile; fileRef = 00E356F21AD99517003FC87E /* AyanaFoodOrganicTests.m */; };
		07162F75371449D2B84FED3B /* Poppins-Medium.ttf in Resources */ = {isa = PBXBuildFile; fileRef = EDF39AAD874B4C94A0AB8D22 /* Poppins-Medium.ttf */; };
		0C58CB42B0DB4629B4E51C21 /* Montserrat-BoldItalic.ttf in Resources */ = {isa = PBXBuildFile; fileRef = D6251A24A9834265A90CDF8E /* Montserrat-BoldItalic.ttf */; };
		13B07FBC1A68108700A75B9A /* AppDelegate.m in Sources */ = {isa = PBXBuildFile; fileRef = 13B07FB01A68108700A75B9A /* AppDelegate.m */; };
		13B07FBF1A68108700A75B9A /* Images.xcassets in Resources */ = {isa = PBXBuildFile; fileRef = 13B07FB51A68108700A75B9A /* Images.xcassets */; };
		13B07FC11A68108700A75B9A /* main.m in Sources */ = {isa = PBXBuildFile; fileRef = 13B07FB71A68108700A75B9A /* main.m */; };
		173C64AF2BD6400392A5E2A7 /* Montserrat-Medium.ttf in Resources */ = {isa = PBXBuildFile; fileRef = 32981B344FCD4679AD6D96EB /* Montserrat-Medium.ttf */; };
		1801AD8CAE204E89971BA20C /* Poppins-Black.ttf in Resources */ = {isa = PBXBuildFile; fileRef = 27667354F6A84F6C8E32E4AC /* Poppins-Black.ttf */; };
		18368518BC0241B3BA4BFEDB /* Roboto-Bold.ttf in Resources */ = {isa = PBXBuildFile; fileRef = 2EE6855BF5834D20A6417E4C /* Roboto-Bold.ttf */; };
		18CB9B6509CF424BBF12548B /* Montserrat-ExtraBoldItalic.ttf in Resources */ = {isa = PBXBuildFile; fileRef = 06C1929F869D4EC1BF7CCE41 /* Montserrat-ExtraBoldItalic.ttf */; };
		1B701979723D4F7DA6E6FCB2 /* Montserrat-ExtraLightItalic.ttf in Resources */ = {isa = PBXBuildFile; fileRef = 27EAFBF021BB47E49B9E3BA1 /* Montserrat-ExtraLightItalic.ttf */; };
		202C0AE5E0A34642A680B1AB /* Roboto-Regular.ttf in Resources */ = {isa = PBXBuildFile; fileRef = C055A76F63804697B08E0454 /* Roboto-Regular.ttf */; };
		20A09914ADF64B249A228600 /* Poppins-ExtraBoldItalic.ttf in Resources */ = {isa = PBXBuildFile; fileRef = 417A797732E2457588A09C60 /* Poppins-ExtraBoldItalic.ttf */; };
		249B68C1C64D432988B7E6BA /* Montserrat-BlackItalic.ttf in Resources */ = {isa = PBXBuildFile; fileRef = F2FE1DE13FA84FEFB3D2A4AF /* Montserrat-BlackItalic.ttf */; };
		2F6D19242E064FEFA1483FFC /* Poppins-ThinItalic.ttf in Resources */ = {isa = PBXBuildFile; fileRef = CE0CCEDABDE0444FAC7ADD3D /* Poppins-ThinItalic.ttf */; };
		3122E490AFA44FE287DDE853 /* Roboto-Light.ttf in Resources */ = {isa = PBXBuildFile; fileRef = 21BD9FEE9BBA47F68C35F221 /* Roboto-Light.ttf */; };
		32877EEFF44246848CC5B602 /* Roboto-Black.ttf in Resources */ = {isa = PBXBuildFile; fileRef = 5A084AA162A1424BAEC90AA5 /* Roboto-Black.ttf */; };
		3410448A25464560995E2F52 /* Montserrat-ExtraLight.ttf in Resources */ = {isa = PBXBuildFile; fileRef = F48133F0967945C994B81842 /* Montserrat-ExtraLight.ttf */; };
		37F874B6383B45AAAFD32063 /* Poppins-Bold.ttf in Resources */ = {isa = PBXBuildFile; fileRef = 83AD8263D5C04478989C3513 /* Poppins-Bold.ttf */; };
		3978A2D1F54B4FBCA159812F /* Roboto-Italic.ttf in Resources */ = {isa = PBXBuildFile; fileRef = E4BBCF91833E486CA4D1EB95 /* Roboto-Italic.ttf */; };
		3D0BD2BA44F74FCAB231C757 /* Montserrat-Light.ttf in Resources */ = {isa = PBXBuildFile; fileRef = 97C5A5C829F746D0B749B104 /* Montserrat-Light.ttf */; };
		3E938540979443629258A140 /* Poppins-Light.ttf in Resources */ = {isa = PBXBuildFile; fileRef = 28C933A557AF41EEAA44C355 /* Poppins-Light.ttf */; };
		400B69B0C75F4654819CB298 /* Poppins-MediumItalic.ttf in Resources */ = {isa = PBXBuildFile; fileRef = FE0DD4A09F044938B9FB7A89 /* Poppins-MediumItalic.ttf */; };
		4B697D06EEAC4FD3BEC468F0 /* Roboto-Medium.ttf in Resources */ = {isa = PBXBuildFile; fileRef = C1803E6251A143CD9E5848DD /* Roboto-Medium.ttf */; };
		51005CB20C31423C93F912B9 /* Roboto-BlackItalic.ttf in Resources */ = {isa = PBXBuildFile; fileRef = 669F9ECD057049F59549178E /* Roboto-BlackItalic.ttf */; };
		5B7408B2A333415FAFAEC1DB /* Poppins-BoldItalic.ttf in Resources */ = {isa = PBXBuildFile; fileRef = DE63E1CFA106450C815AA88E /* Poppins-BoldItalic.ttf */; };
		5C6C86CCDF4E4033983C01A5 /* Poppins-ExtraLightItalic.ttf in Resources */ = {isa = PBXBuildFile; fileRef = 581381653B42426D9E9CDDE6 /* Poppins-ExtraLightItalic.ttf */; };
		602BD5398604410194FE274D /* Montserrat-Thin.ttf in Resources */ = {isa = PBXBuildFile; fileRef = 0E15C4ACEB9A466FB8D3F896 /* Montserrat-Thin.ttf */; };
		603831000FE648B3AD4F2A5C /* Poppins-LightItalic.ttf in Resources */ = {isa = PBXBuildFile; fileRef = C6A6087C247B44EEA43B4C98 /* Poppins-LightItalic.ttf */; };
		65D7426C74C8860AFF72C4A6 /* libPods-AyanaFoodOrganic.a in Frameworks */ = {isa = PBXBuildFile; fileRef = 3DAA2AC1146F98CE8BC3BC33 /* libPods-AyanaFoodOrganic.a */; };
		6832063AEB1A4B0FA57EA911 /* Montserrat-SemiBoldItalic.ttf in Resources */ = {isa = PBXBuildFile; fileRef = B7D9C1FA8A364E8999506B6B /* Montserrat-SemiBoldItalic.ttf */; };
		7A0317E1641945F082B66C69 /* Montserrat-Bold.ttf in Resources */ = {isa = PBXBuildFile; fileRef = E5D6813DC3094B3EA0806371 /* Montserrat-Bold.ttf */; };
		7E67888CDAD249429D0F3569 /* Roboto-LightItalic.ttf in Resources */ = {isa = PBXBuildFile; fileRef = 77C72B31C35A42C187E17C9C /* Roboto-LightItalic.ttf */; };
		7E9A5FEBCF2843D19C31A02F /* Poppins-Italic.ttf in Resources */ = {isa = PBXBuildFile; fileRef = D412A3FAE2D448669E0B37FE /* Poppins-Italic.ttf */; };
		7F062DA4DAB5450CAFF57033 /* Poppins-SemiBoldItalic.ttf in Resources */ = {isa = PBXBuildFile; fileRef = 6505F50493234679BE5EEE50 /* Poppins-SemiBoldItalic.ttf */; };
		7FD757C087904F9F886E77F8 /* Montserrat-Italic.ttf in Resources */ = {isa = PBXBuildFile; fileRef = 1A8377F2E86349DD802B132F /* Montserrat-Italic.ttf */; };
		81AB9BB82411601600AC10FF /* LaunchScreen.storyboard in Resources */ = {isa = PBXBuildFile; fileRef = 81AB9BB72411601600AC10FF /* LaunchScreen.storyboard */; };
		82FD5A2AD8024B58B3230706 /* Poppins-BlackItalic.ttf in Resources */ = {isa = PBXBuildFile; fileRef = 4FF3E36ECC4743F1B8110D81 /* Poppins-BlackItalic.ttf */; };
		8C3D77FBAC954284B37AE1D8 /* Roboto-Thin.ttf in Resources */ = {isa = PBXBuildFile; fileRef = 5D9B6AC48AC14C0094C6583B /* Roboto-Thin.ttf */; };
		8DD266BDA98346A2920C5105 /* Roboto-BoldItalic.ttf in Resources */ = {isa = PBXBuildFile; fileRef = 0E30D00F66904AEC98FE0842 /* Roboto-BoldItalic.ttf */; };
		8E642B60E234422EB9784091 /* Poppins-Regular.ttf in Resources */ = {isa = PBXBuildFile; fileRef = 4D37CFA345D24CEDA3E4AA37 /* Poppins-Regular.ttf */; };
		966BF673FE4C417ABCD9693E /* Poppins-Thin.ttf in Resources */ = {isa = PBXBuildFile; fileRef = 5CEB4DD996FC49DBA018F35C /* Poppins-Thin.ttf */; };
		9DB7C20705CA40B1B0917AD4 /* Montserrat-MediumItalic.ttf in Resources */ = {isa = PBXBuildFile; fileRef = 3F06F1D4980B478FB60E0F12 /* Montserrat-MediumItalic.ttf */; };
		AA7258B2618A99D9A469038D /* libPods-AyanaFoodOrganic-AyanaFoodOrganicTests.a in Frameworks */ = {isa = PBXBuildFile; fileRef = 8E224C2DC1354C963137DF90 /* libPods-AyanaFoodOrganic-AyanaFoodOrganicTests.a */; };
		AE5FE90ABD0E4007A085B97D /* Poppins-SemiBold.ttf in Resources */ = {isa = PBXBuildFile; fileRef = 4847F8E806914E45A619FD5B /* Poppins-SemiBold.ttf */; };
		BA501ED56C66497B8BABCD7A /* Montserrat-Black.ttf in Resources */ = {isa = PBXBuildFile; fileRef = 22EF65084E624FDBA89A1341 /* Montserrat-Black.ttf */; };
		BBBDEF02AB3F46D383E595AD /* Montserrat-ExtraBold.ttf in Resources */ = {isa = PBXBuildFile; fileRef = E830CC7A8552432E919F67EB /* Montserrat-ExtraBold.ttf */; };
		C0DD1736219944118C1805F6 /* Roboto-MediumItalic.ttf in Resources */ = {isa = PBXBuildFile; fileRef = C286E0DFC5C14913812B239B /* Roboto-MediumItalic.ttf */; };
		CA2C8616DA484DE6BD948E3A /* Montserrat-Regular.ttf in Resources */ = {isa = PBXBuildFile; fileRef = 003293A322F1434CB4CD21EE /* Montserrat-Regular.ttf */; };
		CB730E41F14E40A9BD19AEB8 /* Poppins-ExtraBold.ttf in Resources */ = {isa = PBXBuildFile; fileRef = 073788D1FD2C426A9DE54E28 /* Poppins-ExtraBold.ttf */; };
		D767EB600936418D84A2A525 /* Roboto-ThinItalic.ttf in Resources */ = {isa = PBXBuildFile; fileRef = 1382AEFC529E4AB791F26E86 /* Roboto-ThinItalic.ttf */; };
		DB3C2EFA64F146BDA6B61D70 /* Montserrat-SemiBold.ttf in Resources */ = {isa = PBXBuildFile; fileRef = 12BD896585F2408C84B18B50 /* Montserrat-SemiBold.ttf */; };
		DBE0F2AB34A54BAEAA1D7485 /* Poppins-ExtraLight.ttf in Resources */ = {isa = PBXBuildFile; fileRef = EE40E380F07343DB82AF738B /* Poppins-ExtraLight.ttf */; };
		DDE404B9B999470E8F475E6F /* Montserrat-LightItalic.ttf in Resources */ = {isa = PBXBuildFile; fileRef = 823B5F8A7BF444F088B4177F /* Montserrat-LightItalic.ttf */; };
		F7DAADAA0D824C7BBF974B34 /* Montserrat-ThinItalic.ttf in Resources */ = {isa = PBXBuildFile; fileRef = FBF15AB700104AB5A647FF31 /* Montserrat-ThinItalic.ttf */; };
/* End PBXBuildFile section */

/* Begin PBXContainerItemProxy section */
		00E356F41AD99517003FC87E /* PBXContainerItemProxy */ = {
			isa = PBXContainerItemProxy;
			containerPortal = 83CBB9F71A601CBA00E9B192 /* Project object */;
			proxyType = 1;
			remoteGlobalIDString = 13B07F861A680F5B00A75B9A;
			remoteInfo = AyanaFoodOrganic;
		};
/* End PBXContainerItemProxy section */

/* Begin PBXFileReference section */
		003293A322F1434CB4CD21EE /* Montserrat-Regular.ttf */ = {isa = PBXFileReference; explicitFileType = undefined; fileEncoding = undefined; includeInIndex = 0; lastKnownFileType = unknown; name = "Montserrat-Regular.ttf"; path = "../assets/fonts/Montserrat-Regular.ttf"; sourceTree = "<group>"; };
		00E356EE1AD99517003FC87E /* AyanaFoodOrganicTests.xctest */ = {isa = PBXFileReference; explicitFileType = wrapper.cfbundle; includeInIndex = 0; path = AyanaFoodOrganicTests.xctest; sourceTree = BUILT_PRODUCTS_DIR; };
		00E356F11AD99517003FC87E /* Info.plist */ = {isa = PBXFileReference; lastKnownFileType = text.plist.xml; path = Info.plist; sourceTree = "<group>"; };
		00E356F21AD99517003FC87E /* AyanaFoodOrganicTests.m */ = {isa = PBXFileReference; lastKnownFileType = sourcecode.c.objc; path = AyanaFoodOrganicTests.m; sourceTree = "<group>"; };
		06C1929F869D4EC1BF7CCE41 /* Montserrat-ExtraBoldItalic.ttf */ = {isa = PBXFileReference; explicitFileType = undefined; fileEncoding = undefined; includeInIndex = 0; lastKnownFileType = unknown; name = "Montserrat-ExtraBoldItalic.ttf"; path = "../assets/fonts/Montserrat-ExtraBoldItalic.ttf"; sourceTree = "<group>"; };
		073788D1FD2C426A9DE54E28 /* Poppins-ExtraBold.ttf */ = {isa = PBXFileReference; explicitFileType = undefined; fileEncoding = undefined; includeInIndex = 0; lastKnownFileType = unknown; name = "Poppins-ExtraBold.ttf"; path = "../assets/fonts/Poppins-ExtraBold.ttf"; sourceTree = "<group>"; };
		0E15C4ACEB9A466FB8D3F896 /* Montserrat-Thin.ttf */ = {isa = PBXFileReference; explicitFileType = undefined; fileEncoding = undefined; includeInIndex = 0; lastKnownFileType = unknown; name = "Montserrat-Thin.ttf"; path = "../assets/fonts/Montserrat-Thin.ttf"; sourceTree = "<group>"; };
		0E30D00F66904AEC98FE0842 /* Roboto-BoldItalic.ttf */ = {isa = PBXFileReference; explicitFileType = undefined; fileEncoding = undefined; includeInIndex = 0; lastKnownFileType = unknown; name = "Roboto-BoldItalic.ttf"; path = "../assets/fonts/Roboto-BoldItalic.ttf"; sourceTree = "<group>"; };
		12BD896585F2408C84B18B50 /* Montserrat-SemiBold.ttf */ = {isa = PBXFileReference; explicitFileType = undefined; fileEncoding = undefined; includeInIndex = 0; lastKnownFileType = unknown; name = "Montserrat-SemiBold.ttf"; path = "../assets/fonts/Montserrat-SemiBold.ttf"; sourceTree = "<group>"; };
		1382AEFC529E4AB791F26E86 /* Roboto-ThinItalic.ttf */ = {isa = PBXFileReference; explicitFileType = undefined; fileEncoding = undefined; includeInIndex = 0; lastKnownFileType = unknown; name = "Roboto-ThinItalic.ttf"; path = "../assets/fonts/Roboto-ThinItalic.ttf"; sourceTree = "<group>"; };
		13B07F961A680F5B00A75B9A /* AyanaFoodOrganic.app */ = {isa = PBXFileReference; explicitFileType = wrapper.application; includeInIndex = 0; path = AyanaFoodOrganic.app; sourceTree = BUILT_PRODUCTS_DIR; };
		13B07FAF1A68108700A75B9A /* AppDelegate.h */ = {isa = PBXFileReference; fileEncoding = 4; lastKnownFileType = sourcecode.c.h; name = AppDelegate.h; path = AyanaFoodOrganic/AppDelegate.h; sourceTree = "<group>"; };
		13B07FB01A68108700A75B9A /* AppDelegate.m */ = {isa = PBXFileReference; fileEncoding = 4; lastKnownFileType = sourcecode.c.objc; name = AppDelegate.m; path = AyanaFoodOrganic/AppDelegate.m; sourceTree = "<group>"; };
		13B07FB51A68108700A75B9A /* Images.xcassets */ = {isa = PBXFileReference; lastKnownFileType = folder.assetcatalog; name = Images.xcassets; path = AyanaFoodOrganic/Images.xcassets; sourceTree = "<group>"; };
		13B07FB61A68108700A75B9A /* Info.plist */ = {isa = PBXFileReference; fileEncoding = 4; lastKnownFileType = text.plist.xml; name = Info.plist; path = AyanaFoodOrganic/Info.plist; sourceTree = "<group>"; };
		13B07FB71A68108700A75B9A /* main.m */ = {isa = PBXFileReference; fileEncoding = 4; lastKnownFileType = sourcecode.c.objc; name = main.m; path = AyanaFoodOrganic/main.m; sourceTree = "<group>"; };
		1A8377F2E86349DD802B132F /* Montserrat-Italic.ttf */ = {isa = PBXFileReference; explicitFileType = undefined; fileEncoding = undefined; includeInIndex = 0; lastKnownFileType = unknown; name = "Montserrat-Italic.ttf"; path = "../assets/fonts/Montserrat-Italic.ttf"; sourceTree = "<group>"; };
		21BD9FEE9BBA47F68C35F221 /* Roboto-Light.ttf */ = {isa = PBXFileReference; explicitFileType = undefined; fileEncoding = undefined; includeInIndex = 0; lastKnownFileType = unknown; name = "Roboto-Light.ttf"; path = "../assets/fonts/Roboto-Light.ttf"; sourceTree = "<group>"; };
		22EF65084E624FDBA89A1341 /* Montserrat-Black.ttf */ = {isa = PBXFileReference; explicitFileType = undefined; fileEncoding = undefined; includeInIndex = 0; lastKnownFileType = unknown; name = "Montserrat-Black.ttf"; path = "../assets/fonts/Montserrat-Black.ttf"; sourceTree = "<group>"; };
		27667354F6A84F6C8E32E4AC /* Poppins-Black.ttf */ = {isa = PBXFileReference; explicitFileType = undefined; fileEncoding = undefined; includeInIndex = 0; lastKnownFileType = unknown; name = "Poppins-Black.ttf"; path = "../assets/fonts/Poppins-Black.ttf"; sourceTree = "<group>"; };
		27EAFBF021BB47E49B9E3BA1 /* Montserrat-ExtraLightItalic.ttf */ = {isa = PBXFileReference; explicitFileType = undefined; fileEncoding = undefined; includeInIndex = 0; lastKnownFileType = unknown; name = "Montserrat-ExtraLightItalic.ttf"; path = "../assets/fonts/Montserrat-ExtraLightItalic.ttf"; sourceTree = "<group>"; };
		28C933A557AF41EEAA44C355 /* Poppins-Light.ttf */ = {isa = PBXFileReference; explicitFileType = undefined; fileEncoding = undefined; includeInIndex = 0; lastKnownFileType = unknown; name = "Poppins-Light.ttf"; path = "../assets/fonts/Poppins-Light.ttf"; sourceTree = "<group>"; };
		2EE6855BF5834D20A6417E4C /* Roboto-Bold.ttf */ = {isa = PBXFileReference; explicitFileType = undefined; fileEncoding = undefined; includeInIndex = 0; lastKnownFileType = unknown; name = "Roboto-Bold.ttf"; path = "../assets/fonts/Roboto-Bold.ttf"; sourceTree = "<group>"; };
		32981B344FCD4679AD6D96EB /* Montserrat-Medium.ttf */ = {isa = PBXFileReference; explicitFileType = undefined; fileEncoding = undefined; includeInIndex = 0; lastKnownFileType = unknown; name = "Montserrat-Medium.ttf"; path = "../assets/fonts/Montserrat-Medium.ttf"; sourceTree = "<group>"; };
		3A6C7FAC07F6713575C79F5B /* Pods-AyanaFoodOrganic.debug.xcconfig */ = {isa = PBXFileReference; includeInIndex = 1; lastKnownFileType = text.xcconfig; name = "Pods-AyanaFoodOrganic.debug.xcconfig"; path = "Target Support Files/Pods-AyanaFoodOrganic/Pods-AyanaFoodOrganic.debug.xcconfig"; sourceTree = "<group>"; };
		3DAA2AC1146F98CE8BC3BC33 /* libPods-AyanaFoodOrganic.a */ = {isa = PBXFileReference; explicitFileType = archive.ar; includeInIndex = 0; path = "libPods-AyanaFoodOrganic.a"; sourceTree = BUILT_PRODUCTS_DIR; };
		3F06F1D4980B478FB60E0F12 /* Montserrat-MediumItalic.ttf */ = {isa = PBXFileReference; explicitFileType = undefined; fileEncoding = undefined; includeInIndex = 0; lastKnownFileType = unknown; name = "Montserrat-MediumItalic.ttf"; path = "../assets/fonts/Montserrat-MediumItalic.ttf"; sourceTree = "<group>"; };
		417A797732E2457588A09C60 /* Poppins-ExtraBoldItalic.ttf */ = {isa = PBXFileReference; explicitFileType = undefined; fileEncoding = undefined; includeInIndex = 0; lastKnownFileType = unknown; name = "Poppins-ExtraBoldItalic.ttf"; path = "../assets/fonts/Poppins-ExtraBoldItalic.ttf"; sourceTree = "<group>"; };
		46C5C1C87EA0129B8BB20897 /* Pods-AyanaFoodOrganic-AyanaFoodOrganicTests.release.xcconfig */ = {isa = PBXFileReference; includeInIndex = 1; lastKnownFileType = text.xcconfig; name = "Pods-AyanaFoodOrganic-AyanaFoodOrganicTests.release.xcconfig"; path = "Target Support Files/Pods-AyanaFoodOrganic-AyanaFoodOrganicTests/Pods-AyanaFoodOrganic-AyanaFoodOrganicTests.release.xcconfig"; sourceTree = "<group>"; };
		4847F8E806914E45A619FD5B /* Poppins-SemiBold.ttf */ = {isa = PBXFileReference; explicitFileType = undefined; fileEncoding = undefined; includeInIndex = 0; lastKnownFileType = unknown; name = "Poppins-SemiBold.ttf"; path = "../assets/fonts/Poppins-SemiBold.ttf"; sourceTree = "<group>"; };
		4D37CFA345D24CEDA3E4AA37 /* Poppins-Regular.ttf */ = {isa = PBXFileReference; explicitFileType = undefined; fileEncoding = undefined; includeInIndex = 0; lastKnownFileType = unknown; name = "Poppins-Regular.ttf"; path = "../assets/fonts/Poppins-Regular.ttf"; sourceTree = "<group>"; };
		4FF3E36ECC4743F1B8110D81 /* Poppins-BlackItalic.ttf */ = {isa = PBXFileReference; explicitFileType = undefined; fileEncoding = undefined; includeInIndex = 0; lastKnownFileType = unknown; name = "Poppins-BlackItalic.ttf"; path = "../assets/fonts/Poppins-BlackItalic.ttf"; sourceTree = "<group>"; };
		581381653B42426D9E9CDDE6 /* Poppins-ExtraLightItalic.ttf */ = {isa = PBXFileReference; explicitFileType = undefined; fileEncoding = undefined; includeInIndex = 0; lastKnownFileType = unknown; name = "Poppins-ExtraLightItalic.ttf"; path = "../assets/fonts/Poppins-ExtraLightItalic.ttf"; sourceTree = "<group>"; };
		5A084AA162A1424BAEC90AA5 /* Roboto-Black.ttf */ = {isa = PBXFileReference; explicitFileType = undefined; fileEncoding = undefined; includeInIndex = 0; lastKnownFileType = unknown; name = "Roboto-Black.ttf"; path = "../assets/fonts/Roboto-Black.ttf"; sourceTree = "<group>"; };
		5CEB4DD996FC49DBA018F35C /* Poppins-Thin.ttf */ = {isa = PBXFileReference; explicitFileType = undefined; fileEncoding = undefined; includeInIndex = 0; lastKnownFileType = unknown; name = "Poppins-Thin.ttf"; path = "../assets/fonts/Poppins-Thin.ttf"; sourceTree = "<group>"; };
		5D9B6AC48AC14C0094C6583B /* Roboto-Thin.ttf */ = {isa = PBXFileReference; explicitFileType = undefined; fileEncoding = undefined; includeInIndex = 0; lastKnownFileType = unknown; name = "Roboto-Thin.ttf"; path = "../assets/fonts/Roboto-Thin.ttf"; sourceTree = "<group>"; };
		6505F50493234679BE5EEE50 /* Poppins-SemiBoldItalic.ttf */ = {isa = PBXFileReference; explicitFileType = undefined; fileEncoding = undefined; includeInIndex = 0; lastKnownFileType = unknown; name = "Poppins-SemiBoldItalic.ttf"; path = "../assets/fonts/Poppins-SemiBoldItalic.ttf"; sourceTree = "<group>"; };
		669F9ECD057049F59549178E /* Roboto-BlackItalic.ttf */ = {isa = PBXFileReference; explicitFileType = undefined; fileEncoding = undefined; includeInIndex = 0; lastKnownFileType = unknown; name = "Roboto-BlackItalic.ttf"; path = "../assets/fonts/Roboto-BlackItalic.ttf"; sourceTree = "<group>"; };
		77C72B31C35A42C187E17C9C /* Roboto-LightItalic.ttf */ = {isa = PBXFileReference; explicitFileType = undefined; fileEncoding = undefined; includeInIndex = 0; lastKnownFileType = unknown; name = "Roboto-LightItalic.ttf"; path = "../assets/fonts/Roboto-LightItalic.ttf"; sourceTree = "<group>"; };
		81AB9BB72411601600AC10FF /* LaunchScreen.storyboard */ = {isa = PBXFileReference; fileEncoding = 4; lastKnownFileType = file.storyboard; name = LaunchScreen.storyboard; path = AyanaFoodOrganic/LaunchScreen.storyboard; sourceTree = "<group>"; };
		823B5F8A7BF444F088B4177F /* Montserrat-LightItalic.ttf */ = {isa = PBXFileReference; explicitFileType = undefined; fileEncoding = undefined; includeInIndex = 0; lastKnownFileType = unknown; name = "Montserrat-LightItalic.ttf"; path = "../assets/fonts/Montserrat-LightItalic.ttf"; sourceTree = "<group>"; };
		83AD8263D5C04478989C3513 /* Poppins-Bold.ttf */ = {isa = PBXFileReference; explicitFileType = undefined; fileEncoding = undefined; includeInIndex = 0; lastKnownFileType = unknown; name = "Poppins-Bold.ttf"; path = "../assets/fonts/Poppins-Bold.ttf"; sourceTree = "<group>"; };
		8E224C2DC1354C963137DF90 /* libPods-AyanaFoodOrganic-AyanaFoodOrganicTests.a */ = {isa = PBXFileReference; explicitFileType = archive.ar; includeInIndex = 0; path = "libPods-AyanaFoodOrganic-AyanaFoodOrganicTests.a"; sourceTree = BUILT_PRODUCTS_DIR; };
		97C5A5C829F746D0B749B104 /* Montserrat-Light.ttf */ = {isa = PBXFileReference; explicitFileType = undefined; fileEncoding = undefined; includeInIndex = 0; lastKnownFileType = unknown; name = "Montserrat-Light.ttf"; path = "../assets/fonts/Montserrat-Light.ttf"; sourceTree = "<group>"; };
		AC5F03C814CD67CDCD9C8D83 /* Pods-AyanaFoodOrganic-AyanaFoodOrganicTests.debug.xcconfig */ = {isa = PBXFileReference; includeInIndex = 1; lastKnownFileType = text.xcconfig; name = "Pods-AyanaFoodOrganic-AyanaFoodOrganicTests.debug.xcconfig"; path = "Target Support Files/Pods-AyanaFoodOrganic-AyanaFoodOrganicTests/Pods-AyanaFoodOrganic-AyanaFoodOrganicTests.debug.xcconfig"; sourceTree = "<group>"; };
		B7D9C1FA8A364E8999506B6B /* Montserrat-SemiBoldItalic.ttf */ = {isa = PBXFileReference; explicitFileType = undefined; fileEncoding = undefined; includeInIndex = 0; lastKnownFileType = unknown; name = "Montserrat-SemiBoldItalic.ttf"; path = "../assets/fonts/Montserrat-SemiBoldItalic.ttf"; sourceTree = "<group>"; };
		C055A76F63804697B08E0454 /* Roboto-Regular.ttf */ = {isa = PBXFileReference; explicitFileType = undefined; fileEncoding = undefined; includeInIndex = 0; lastKnownFileType = unknown; name = "Roboto-Regular.ttf"; path = "../assets/fonts/Roboto-Regular.ttf"; sourceTree = "<group>"; };
		C1803E6251A143CD9E5848DD /* Roboto-Medium.ttf */ = {isa = PBXFileReference; explicitFileType = undefined; fileEncoding = undefined; includeInIndex = 0; lastKnownFileType = unknown; name = "Roboto-Medium.ttf"; path = "../assets/fonts/Roboto-Medium.ttf"; sourceTree = "<group>"; };
		C286E0DFC5C14913812B239B /* Roboto-MediumItalic.ttf */ = {isa = PBXFileReference; explicitFileType = undefined; fileEncoding = undefined; includeInIndex = 0; lastKnownFileType = unknown; name = "Roboto-MediumItalic.ttf"; path = "../assets/fonts/Roboto-MediumItalic.ttf"; sourceTree = "<group>"; };
		C6A6087C247B44EEA43B4C98 /* Poppins-LightItalic.ttf */ = {isa = PBXFileReference; explicitFileType = undefined; fileEncoding = undefined; includeInIndex = 0; lastKnownFileType = unknown; name = "Poppins-LightItalic.ttf"; path = "../assets/fonts/Poppins-LightItalic.ttf"; sourceTree = "<group>"; };
		CE0CCEDABDE0444FAC7ADD3D /* Poppins-ThinItalic.ttf */ = {isa = PBXFileReference; explicitFileType = undefined; fileEncoding = undefined; includeInIndex = 0; lastKnownFileType = unknown; name = "Poppins-ThinItalic.ttf"; path = "../assets/fonts/Poppins-ThinItalic.ttf"; sourceTree = "<group>"; };
		CFF227D31C056BA02C900EF0 /* Pods-AyanaFoodOrganic.release.xcconfig */ = {isa = PBXFileReference; includeInIndex = 1; lastKnownFileType = text.xcconfig; name = "Pods-AyanaFoodOrganic.release.xcconfig"; path = "Target Support Files/Pods-AyanaFoodOrganic/Pods-AyanaFoodOrganic.release.xcconfig"; sourceTree = "<group>"; };
		D412A3FAE2D448669E0B37FE /* Poppins-Italic.ttf */ = {isa = PBXFileReference; explicitFileType = undefined; fileEncoding = undefined; includeInIndex = 0; lastKnownFileType = unknown; name = "Poppins-Italic.ttf"; path = "../assets/fonts/Poppins-Italic.ttf"; sourceTree = "<group>"; };
		D6251A24A9834265A90CDF8E /* Montserrat-BoldItalic.ttf */ = {isa = PBXFileReference; explicitFileType = undefined; fileEncoding = undefined; includeInIndex = 0; lastKnownFileType = unknown; name = "Montserrat-BoldItalic.ttf"; path = "../assets/fonts/Montserrat-BoldItalic.ttf"; sourceTree = "<group>"; };
		DE63E1CFA106450C815AA88E /* Poppins-BoldItalic.ttf */ = {isa = PBXFileReference; explicitFileType = undefined; fileEncoding = undefined; includeInIndex = 0; lastKnownFileType = unknown; name = "Poppins-BoldItalic.ttf"; path = "../assets/fonts/Poppins-BoldItalic.ttf"; sourceTree = "<group>"; };
		E4BBCF91833E486CA4D1EB95 /* Roboto-Italic.ttf */ = {isa = PBXFileReference; explicitFileType = undefined; fileEncoding = undefined; includeInIndex = 0; lastKnownFileType = unknown; name = "Roboto-Italic.ttf"; path = "../assets/fonts/Roboto-Italic.ttf"; sourceTree = "<group>"; };
		E5D6813DC3094B3EA0806371 /* Montserrat-Bold.ttf */ = {isa = PBXFileReference; explicitFileType = undefined; fileEncoding = undefined; includeInIndex = 0; lastKnownFileType = unknown; name = "Montserrat-Bold.ttf"; path = "../assets/fonts/Montserrat-Bold.ttf"; sourceTree = "<group>"; };
		E830CC7A8552432E919F67EB /* Montserrat-ExtraBold.ttf */ = {isa = PBXFileReference; explicitFileType = undefined; fileEncoding = undefined; includeInIndex = 0; lastKnownFileType = unknown; name = "Montserrat-ExtraBold.ttf"; path = "../assets/fonts/Montserrat-ExtraBold.ttf"; sourceTree = "<group>"; };
		ED297162215061F000B7C4FE /* JavaScriptCore.framework */ = {isa = PBXFileReference; lastKnownFileType = wrapper.framework; name = JavaScriptCore.framework; path = System/Library/Frameworks/JavaScriptCore.framework; sourceTree = SDKROOT; };
		EDF39AAD874B4C94A0AB8D22 /* Poppins-Medium.ttf */ = {isa = PBXFileReference; explicitFileType = undefined; fileEncoding = undefined; includeInIndex = 0; lastKnownFileType = unknown; name = "Poppins-Medium.ttf"; path = "../assets/fonts/Poppins-Medium.ttf"; sourceTree = "<group>"; };
		EE40E380F07343DB82AF738B /* Poppins-ExtraLight.ttf */ = {isa = PBXFileReference; explicitFileType = undefined; fileEncoding = undefined; includeInIndex = 0; lastKnownFileType = unknown; name = "Poppins-ExtraLight.ttf"; path = "../assets/fonts/Poppins-ExtraLight.ttf"; sourceTree = "<group>"; };
		F2FE1DE13FA84FEFB3D2A4AF /* Montserrat-BlackItalic.ttf */ = {isa = PBXFileReference; explicitFileType = undefined; fileEncoding = undefined; includeInIndex = 0; lastKnownFileType = unknown; name = "Montserrat-BlackItalic.ttf"; path = "../assets/fonts/Montserrat-BlackItalic.ttf"; sourceTree = "<group>"; };
		F48133F0967945C994B81842 /* Montserrat-ExtraLight.ttf */ = {isa = PBXFileReference; explicitFileType = undefined; fileEncoding = undefined; includeInIndex = 0; lastKnownFileType = unknown; name = "Montserrat-ExtraLight.ttf"; path = "../assets/fonts/Montserrat-ExtraLight.ttf"; sourceTree = "<group>"; };
		FBF15AB700104AB5A647FF31 /* Montserrat-ThinItalic.ttf */ = {isa = PBXFileReference; explicitFileType = undefined; fileEncoding = undefined; includeInIndex = 0; lastKnownFileType = unknown; name = "Montserrat-ThinItalic.ttf"; path = "../assets/fonts/Montserrat-ThinItalic.ttf"; sourceTree = "<group>"; };
		FE0DD4A09F044938B9FB7A89 /* Poppins-MediumItalic.ttf */ = {isa = PBXFileReference; explicitFileType = undefined; fileEncoding = undefined; includeInIndex = 0; lastKnownFileType = unknown; name = "Poppins-MediumItalic.ttf"; path = "../assets/fonts/Poppins-MediumItalic.ttf"; sourceTree = "<group>"; };
/* End PBXFileReference section */

/* Begin PBXFrameworksBuildPhase section */
		00E356EB1AD99517003FC87E /* Frameworks */ = {
			isa = PBXFrameworksBuildPhase;
			buildActionMask = 2147483647;
			files = (
				AA7258B2618A99D9A469038D /* libPods-AyanaFoodOrganic-AyanaFoodOrganicTests.a in Frameworks */,
			);
			runOnlyForDeploymentPostprocessing = 0;
		};
		13B07F8C1A680F5B00A75B9A /* Frameworks */ = {
			isa = PBXFrameworksBuildPhase;
			buildActionMask = 2147483647;
			files = (
				65D7426C74C8860AFF72C4A6 /* libPods-AyanaFoodOrganic.a in Frameworks */,
			);
			runOnlyForDeploymentPostprocessing = 0;
		};
/* End PBXFrameworksBuildPhase section */

/* Begin PBXGroup section */
		00E356EF1AD99517003FC87E /* AyanaFoodOrganicTests */ = {
			isa = PBXGroup;
			children = (
				00E356F21AD99517003FC87E /* AyanaFoodOrganicTests.m */,
				00E356F01AD99517003FC87E /* Supporting Files */,
			);
			path = AyanaFoodOrganicTests;
			sourceTree = "<group>";
		};
		00E356F01AD99517003FC87E /* Supporting Files */ = {
			isa = PBXGroup;
			children = (
				00E356F11AD99517003FC87E /* Info.plist */,
			);
			name = "Supporting Files";
			sourceTree = "<group>";
		};
		13B07FAE1A68108700A75B9A /* AyanaFoodOrganic */ = {
			isa = PBXGroup;
			children = (
				13B07FAF1A68108700A75B9A /* AppDelegate.h */,
				13B07FB01A68108700A75B9A /* AppDelegate.m */,
				13B07FB51A68108700A75B9A /* Images.xcassets */,
				13B07FB61A68108700A75B9A /* Info.plist */,
				81AB9BB72411601600AC10FF /* LaunchScreen.storyboard */,
				13B07FB71A68108700A75B9A /* main.m */,
			);
			name = AyanaFoodOrganic;
			sourceTree = "<group>";
		};
		2D16E6871FA4F8E400B85C8A /* Frameworks */ = {
			isa = PBXGroup;
			children = (
				ED297162215061F000B7C4FE /* JavaScriptCore.framework */,
				3DAA2AC1146F98CE8BC3BC33 /* libPods-AyanaFoodOrganic.a */,
				8E224C2DC1354C963137DF90 /* libPods-AyanaFoodOrganic-AyanaFoodOrganicTests.a */,
			);
			name = Frameworks;
			sourceTree = "<group>";
		};
		832341AE1AAA6A7D00B99B32 /* Libraries */ = {
			isa = PBXGroup;
			children = (
			);
			name = Libraries;
			sourceTree = "<group>";
		};
		83CBB9F61A601CBA00E9B192 = {
			isa = PBXGroup;
			children = (
				13B07FAE1A68108700A75B9A /* AyanaFoodOrganic */,
				832341AE1AAA6A7D00B99B32 /* Libraries */,
				00E356EF1AD99517003FC87E /* AyanaFoodOrganicTests */,
				83CBBA001A601CBA00E9B192 /* Products */,
				2D16E6871FA4F8E400B85C8A /* Frameworks */,
				E6D95BD82B6B4A06012FEA48 /* Pods */,
				EC31A7B29D2844A2996DF936 /* Resources */,
			);
			indentWidth = 2;
			sourceTree = "<group>";
			tabWidth = 2;
			usesTabs = 0;
		};
		83CBBA001A601CBA00E9B192 /* Products */ = {
			isa = PBXGroup;
			children = (
				13B07F961A680F5B00A75B9A /* AyanaFoodOrganic.app */,
				00E356EE1AD99517003FC87E /* AyanaFoodOrganicTests.xctest */,
			);
			name = Products;
			sourceTree = "<group>";
		};
		E6D95BD82B6B4A06012FEA48 /* Pods */ = {
			isa = PBXGroup;
			children = (
				3A6C7FAC07F6713575C79F5B /* Pods-AyanaFoodOrganic.debug.xcconfig */,
				CFF227D31C056BA02C900EF0 /* Pods-AyanaFoodOrganic.release.xcconfig */,
				AC5F03C814CD67CDCD9C8D83 /* Pods-AyanaFoodOrganic-AyanaFoodOrganicTests.debug.xcconfig */,
				46C5C1C87EA0129B8BB20897 /* Pods-AyanaFoodOrganic-AyanaFoodOrganicTests.release.xcconfig */,
			);
			name = Pods;
			path = Pods;
			sourceTree = "<group>";
		};
		EC31A7B29D2844A2996DF936 /* Resources */ = {
			isa = PBXGroup;
			children = (
				22EF65084E624FDBA89A1341 /* Montserrat-Black.ttf */,
				F2FE1DE13FA84FEFB3D2A4AF /* Montserrat-BlackItalic.ttf */,
				E5D6813DC3094B3EA0806371 /* Montserrat-Bold.ttf */,
				D6251A24A9834265A90CDF8E /* Montserrat-BoldItalic.ttf */,
				E830CC7A8552432E919F67EB /* Montserrat-ExtraBold.ttf */,
				06C1929F869D4EC1BF7CCE41 /* Montserrat-ExtraBoldItalic.ttf */,
				F48133F0967945C994B81842 /* Montserrat-ExtraLight.ttf */,
				27EAFBF021BB47E49B9E3BA1 /* Montserrat-ExtraLightItalic.ttf */,
				1A8377F2E86349DD802B132F /* Montserrat-Italic.ttf */,
				97C5A5C829F746D0B749B104 /* Montserrat-Light.ttf */,
				823B5F8A7BF444F088B4177F /* Montserrat-LightItalic.ttf */,
				32981B344FCD4679AD6D96EB /* Montserrat-Medium.ttf */,
				3F06F1D4980B478FB60E0F12 /* Montserrat-MediumItalic.ttf */,
				003293A322F1434CB4CD21EE /* Montserrat-Regular.ttf */,
				12BD896585F2408C84B18B50 /* Montserrat-SemiBold.ttf */,
				B7D9C1FA8A364E8999506B6B /* Montserrat-SemiBoldItalic.ttf */,
				0E15C4ACEB9A466FB8D3F896 /* Montserrat-Thin.ttf */,
				FBF15AB700104AB5A647FF31 /* Montserrat-ThinItalic.ttf */,
				27667354F6A84F6C8E32E4AC /* Poppins-Black.ttf */,
				4FF3E36ECC4743F1B8110D81 /* Poppins-BlackItalic.ttf */,
				83AD8263D5C04478989C3513 /* Poppins-Bold.ttf */,
				DE63E1CFA106450C815AA88E /* Poppins-BoldItalic.ttf */,
				073788D1FD2C426A9DE54E28 /* Poppins-ExtraBold.ttf */,
				417A797732E2457588A09C60 /* Poppins-ExtraBoldItalic.ttf */,
				EE40E380F07343DB82AF738B /* Poppins-ExtraLight.ttf */,
				581381653B42426D9E9CDDE6 /* Poppins-ExtraLightItalic.ttf */,
				D412A3FAE2D448669E0B37FE /* Poppins-Italic.ttf */,
				28C933A557AF41EEAA44C355 /* Poppins-Light.ttf */,
				C6A6087C247B44EEA43B4C98 /* Poppins-LightItalic.ttf */,
				EDF39AAD874B4C94A0AB8D22 /* Poppins-Medium.ttf */,
				FE0DD4A09F044938B9FB7A89 /* Poppins-MediumItalic.ttf */,
				4D37CFA345D24CEDA3E4AA37 /* Poppins-Regular.ttf */,
				4847F8E806914E45A619FD5B /* Poppins-SemiBold.ttf */,
				6505F50493234679BE5EEE50 /* Poppins-SemiBoldItalic.ttf */,
				5CEB4DD996FC49DBA018F35C /* Poppins-Thin.ttf */,
				CE0CCEDABDE0444FAC7ADD3D /* Poppins-ThinItalic.ttf */,
				5A084AA162A1424BAEC90AA5 /* Roboto-Black.ttf */,
				669F9ECD057049F59549178E /* Roboto-BlackItalic.ttf */,
				2EE6855BF5834D20A6417E4C /* Roboto-Bold.ttf */,
				0E30D00F66904AEC98FE0842 /* Roboto-BoldItalic.ttf */,
				E4BBCF91833E486CA4D1EB95 /* Roboto-Italic.ttf */,
				21BD9FEE9BBA47F68C35F221 /* Roboto-Light.ttf */,
				77C72B31C35A42C187E17C9C /* Roboto-LightItalic.ttf */,
				C1803E6251A143CD9E5848DD /* Roboto-Medium.ttf */,
				C286E0DFC5C14913812B239B /* Roboto-MediumItalic.ttf */,
				C055A76F63804697B08E0454 /* Roboto-Regular.ttf */,
				5D9B6AC48AC14C0094C6583B /* Roboto-Thin.ttf */,
				1382AEFC529E4AB791F26E86 /* Roboto-ThinItalic.ttf */,
			);
			name = Resources;
			path = "";
			sourceTree = "<group>";
		};
/* End PBXGroup section */

/* Begin PBXNativeTarget section */
		00E356ED1AD99517003FC87E /* AyanaFoodOrganicTests */ = {
			isa = PBXNativeTarget;
			buildConfigurationList = 00E357021AD99517003FC87E /* Build configuration list for PBXNativeTarget "AyanaFoodOrganicTests" */;
			buildPhases = (
				A8B23E6613B3AFB78FD21520 /* [CP] Check Pods Manifest.lock */,
				00E356EA1AD99517003FC87E /* Sources */,
				00E356EB1AD99517003FC87E /* Frameworks */,
				00E356EC1AD99517003FC87E /* Resources */,
				53261ABEC28EE83135EB4689 /* [CP] Embed Pods Frameworks */,
				A8A7705FBA05A0D1BCD489A9 /* [CP] Copy Pods Resources */,
			);
			buildRules = (
			);
			dependencies = (
				00E356F51AD99517003FC87E /* PBXTargetDependency */,
			);
			name = AyanaFoodOrganicTests;
			productName = AyanaFoodOrganicTests;
			productReference = 00E356EE1AD99517003FC87E /* AyanaFoodOrganicTests.xctest */;
			productType = "com.apple.product-type.bundle.unit-test";
		};
		13B07F861A680F5B00A75B9A /* AyanaFoodOrganic */ = {
			isa = PBXNativeTarget;
			buildConfigurationList = 13B07F931A680F5B00A75B9A /* Build configuration list for PBXNativeTarget "AyanaFoodOrganic" */;
			buildPhases = (
				3AB9400C68702A0D6D475C3A /* [CP] Check Pods Manifest.lock */,
				FD10A7F022414F080027D42C /* Start Packager */,
				13B07F871A680F5B00A75B9A /* Sources */,
				13B07F8C1A680F5B00A75B9A /* Frameworks */,
				13B07F8E1A680F5B00A75B9A /* Resources */,
				00DD1BFF1BD5951E006B06BC /* Bundle React Native code and images */,
				A23E9E25CCD2DB1D2C2CE48E /* [CP] Embed Pods Frameworks */,
				570A569ED98036F78CFACE0D /* [CP] Copy Pods Resources */,
			);
			buildRules = (
			);
			dependencies = (
			);
			name = AyanaFoodOrganic;
			productName = AyanaFoodOrganic;
			productReference = 13B07F961A680F5B00A75B9A /* AyanaFoodOrganic.app */;
			productType = "com.apple.product-type.application";
		};
/* End PBXNativeTarget section */

/* Begin PBXProject section */
		83CBB9F71A601CBA00E9B192 /* Project object */ = {
			isa = PBXProject;
			attributes = {
				LastUpgradeCheck = 1210;
				TargetAttributes = {
					00E356ED1AD99517003FC87E = {
						CreatedOnToolsVersion = 6.2;
						TestTargetID = 13B07F861A680F5B00A75B9A;
					};
					13B07F861A680F5B00A75B9A = {
						LastSwiftMigration = 1120;
					};
				};
			};
			buildConfigurationList = 83CBB9FA1A601CBA00E9B192 /* Build configuration list for PBXProject "AyanaFoodOrganic" */;
			compatibilityVersion = "Xcode 12.0";
			developmentRegion = en;
			hasScannedForEncodings = 0;
			knownRegions = (
				en,
				Base,
			);
			mainGroup = 83CBB9F61A601CBA00E9B192;
			productRefGroup = 83CBBA001A601CBA00E9B192 /* Products */;
			projectDirPath = "";
			projectRoot = "";
			targets = (
				13B07F861A680F5B00A75B9A /* AyanaFoodOrganic */,
				00E356ED1AD99517003FC87E /* AyanaFoodOrganicTests */,
			);
		};
/* End PBXProject section */

/* Begin PBXResourcesBuildPhase section */
		00E356EC1AD99517003FC87E /* Resources */ = {
			isa = PBXResourcesBuildPhase;
			buildActionMask = 2147483647;
			files = (
			);
			runOnlyForDeploymentPostprocessing = 0;
		};
		13B07F8E1A680F5B00A75B9A /* Resources */ = {
			isa = PBXResourcesBuildPhase;
			buildActionMask = 2147483647;
			files = (
				81AB9BB82411601600AC10FF /* LaunchScreen.storyboard in Resources */,
				13B07FBF1A68108700A75B9A /* Images.xcassets in Resources */,
				BA501ED56C66497B8BABCD7A /* Montserrat-Black.ttf in Resources */,
				249B68C1C64D432988B7E6BA /* Montserrat-BlackItalic.ttf in Resources */,
				7A0317E1641945F082B66C69 /* Montserrat-Bold.ttf in Resources */,
				0C58CB42B0DB4629B4E51C21 /* Montserrat-BoldItalic.ttf in Resources */,
				BBBDEF02AB3F46D383E595AD /* Montserrat-ExtraBold.ttf in Resources */,
				18CB9B6509CF424BBF12548B /* Montserrat-ExtraBoldItalic.ttf in Resources */,
				3410448A25464560995E2F52 /* Montserrat-ExtraLight.ttf in Resources */,
				1B701979723D4F7DA6E6FCB2 /* Montserrat-ExtraLightItalic.ttf in Resources */,
				7FD757C087904F9F886E77F8 /* Montserrat-Italic.ttf in Resources */,
				3D0BD2BA44F74FCAB231C757 /* Montserrat-Light.ttf in Resources */,
				DDE404B9B999470E8F475E6F /* Montserrat-LightItalic.ttf in Resources */,
				173C64AF2BD6400392A5E2A7 /* Montserrat-Medium.ttf in Resources */,
				9DB7C20705CA40B1B0917AD4 /* Montserrat-MediumItalic.ttf in Resources */,
				CA2C8616DA484DE6BD948E3A /* Montserrat-Regular.ttf in Resources */,
				DB3C2EFA64F146BDA6B61D70 /* Montserrat-SemiBold.ttf in Resources */,
				6832063AEB1A4B0FA57EA911 /* Montserrat-SemiBoldItalic.ttf in Resources */,
				602BD5398604410194FE274D /* Montserrat-Thin.ttf in Resources */,
				F7DAADAA0D824C7BBF974B34 /* Montserrat-ThinItalic.ttf in Resources */,
				1801AD8CAE204E89971BA20C /* Poppins-Black.ttf in Resources */,
				82FD5A2AD8024B58B3230706 /* Poppins-BlackItalic.ttf in Resources */,
				37F874B6383B45AAAFD32063 /* Poppins-Bold.ttf in Resources */,
				5B7408B2A333415FAFAEC1DB /* Poppins-BoldItalic.ttf in Resources */,
				CB730E41F14E40A9BD19AEB8 /* Poppins-ExtraBold.ttf in Resources */,
				20A09914ADF64B249A228600 /* Poppins-ExtraBoldItalic.ttf in Resources */,
				DBE0F2AB34A54BAEAA1D7485 /* Poppins-ExtraLight.ttf in Resources */,
				5C6C86CCDF4E4033983C01A5 /* Poppins-ExtraLightItalic.ttf in Resources */,
				7E9A5FEBCF2843D19C31A02F /* Poppins-Italic.ttf in Resources */,
				3E938540979443629258A140 /* Poppins-Light.ttf in Resources */,
				603831000FE648B3AD4F2A5C /* Poppins-LightItalic.ttf in Resources */,
				07162F75371449D2B84FED3B /* Poppins-Medium.ttf in Resources */,
				400B69B0C75F4654819CB298 /* Poppins-MediumItalic.ttf in Resources */,
				8E642B60E234422EB9784091 /* Poppins-Regular.ttf in Resources */,
				AE5FE90ABD0E4007A085B97D /* Poppins-SemiBold.ttf in Resources */,
				7F062DA4DAB5450CAFF57033 /* Poppins-SemiBoldItalic.ttf in Resources */,
				966BF673FE4C417ABCD9693E /* Poppins-Thin.ttf in Resources */,
				2F6D19242E064FEFA1483FFC /* Poppins-ThinItalic.ttf in Resources */,
				32877EEFF44246848CC5B602 /* Roboto-Black.ttf in Resources */,
				51005CB20C31423C93F912B9 /* Roboto-BlackItalic.ttf in Resources */,
				18368518BC0241B3BA4BFEDB /* Roboto-Bold.ttf in Resources */,
				8DD266BDA98346A2920C5105 /* Roboto-BoldItalic.ttf in Resources */,
				3978A2D1F54B4FBCA159812F /* Roboto-Italic.ttf in Resources */,
				3122E490AFA44FE287DDE853 /* Roboto-Light.ttf in Resources */,
				7E67888CDAD249429D0F3569 /* Roboto-LightItalic.ttf in Resources */,
				4B697D06EEAC4FD3BEC468F0 /* Roboto-Medium.ttf in Resources */,
				C0DD1736219944118C1805F6 /* Roboto-MediumItalic.ttf in Resources */,
				202C0AE5E0A34642A680B1AB /* Roboto-Regular.ttf in Resources */,
				8C3D77FBAC954284B37AE1D8 /* Roboto-Thin.ttf in Resources */,
				D767EB600936418D84A2A525 /* Roboto-ThinItalic.ttf in Resources */,
			);
			runOnlyForDeploymentPostprocessing = 0;
		};
/* End PBXResourcesBuildPhase section */

/* Begin PBXShellScriptBuildPhase section */
		00DD1BFF1BD5951E006B06BC /* Bundle React Native code and images */ = {
			isa = PBXShellScriptBuildPhase;
			buildActionMask = 2147483647;
			files = (
			);
			inputPaths = (
			);
			name = "Bundle React Native code and images";
			outputPaths = (
			);
			runOnlyForDeploymentPostprocessing = 0;
			shellPath = /bin/sh;
			shellScript = "set -e\n\nexport NODE_BINARY=node\n../node_modules/react-native/scripts/react-native-xcode.sh\n";
		};
		3AB9400C68702A0D6D475C3A /* [CP] Check Pods Manifest.lock */ = {
			isa = PBXShellScriptBuildPhase;
			buildActionMask = 2147483647;
			files = (
			);
			inputFileListPaths = (
			);
			inputPaths = (
				"${PODS_PODFILE_DIR_PATH}/Podfile.lock",
				"${PODS_ROOT}/Manifest.lock",
			);
			name = "[CP] Check Pods Manifest.lock";
			outputFileListPaths = (
			);
			outputPaths = (
				"$(DERIVED_FILE_DIR)/Pods-AyanaFoodOrganic-checkManifestLockResult.txt",
			);
			runOnlyForDeploymentPostprocessing = 0;
			shellPath = /bin/sh;
			shellScript = "diff \"${PODS_PODFILE_DIR_PATH}/Podfile.lock\" \"${PODS_ROOT}/Manifest.lock\" > /dev/null\nif [ $? != 0 ] ; then\n    # print error to STDERR\n    echo \"error: The sandbox is not in sync with the Podfile.lock. Run 'pod install' or update your CocoaPods installation.\" >&2\n    exit 1\nfi\n# This output is used by Xcode 'outputs' to avoid re-running this script phase.\necho \"SUCCESS\" > \"${SCRIPT_OUTPUT_FILE_0}\"\n";
			showEnvVarsInLog = 0;
		};
		53261ABEC28EE83135EB4689 /* [CP] Embed Pods Frameworks */ = {
			isa = PBXShellScriptBuildPhase;
			buildActionMask = 2147483647;
			files = (
			);
			inputFileListPaths = (
				"${PODS_ROOT}/Target Support Files/Pods-AyanaFoodOrganic-AyanaFoodOrganicTests/Pods-AyanaFoodOrganic-AyanaFoodOrganicTests-frameworks-${CONFIGURATION}-input-files.xcfilelist",
			);
			name = "[CP] Embed Pods Frameworks";
			outputFileListPaths = (
				"${PODS_ROOT}/Target Support Files/Pods-AyanaFoodOrganic-AyanaFoodOrganicTests/Pods-AyanaFoodOrganic-AyanaFoodOrganicTests-frameworks-${CONFIGURATION}-output-files.xcfilelist",
			);
			runOnlyForDeploymentPostprocessing = 0;
			shellPath = /bin/sh;
			shellScript = "\"${PODS_ROOT}/Target Support Files/Pods-AyanaFoodOrganic-AyanaFoodOrganicTests/Pods-AyanaFoodOrganic-AyanaFoodOrganicTests-frameworks.sh\"\n";
			showEnvVarsInLog = 0;
		};
		570A569ED98036F78CFACE0D /* [CP] Copy Pods Resources */ = {
			isa = PBXShellScriptBuildPhase;
			buildActionMask = 2147483647;
			files = (
			);
			inputFileListPaths = (
				"${PODS_ROOT}/Target Support Files/Pods-AyanaFoodOrganic/Pods-AyanaFoodOrganic-resources-${CONFIGURATION}-input-files.xcfilelist",
			);
			name = "[CP] Copy Pods Resources";
			outputFileListPaths = (
				"${PODS_ROOT}/Target Support Files/Pods-AyanaFoodOrganic/Pods-AyanaFoodOrganic-resources-${CONFIGURATION}-output-files.xcfilelist",
			);
			runOnlyForDeploymentPostprocessing = 0;
			shellPath = /bin/sh;
			shellScript = "\"${PODS_ROOT}/Target Support Files/Pods-AyanaFoodOrganic/Pods-AyanaFoodOrganic-resources.sh\"\n";
			showEnvVarsInLog = 0;
		};
		A23E9E25CCD2DB1D2C2CE48E /* [CP] Embed Pods Frameworks */ = {
			isa = PBXShellScriptBuildPhase;
			buildActionMask = 2147483647;
			files = (
			);
			inputFileListPaths = (
				"${PODS_ROOT}/Target Support Files/Pods-AyanaFoodOrganic/Pods-AyanaFoodOrganic-frameworks-${CONFIGURATION}-input-files.xcfilelist",
			);
			name = "[CP] Embed Pods Frameworks";
			outputFileListPaths = (
				"${PODS_ROOT}/Target Support Files/Pods-AyanaFoodOrganic/Pods-AyanaFoodOrganic-frameworks-${CONFIGURATION}-output-files.xcfilelist",
			);
			runOnlyForDeploymentPostprocessing = 0;
			shellPath = /bin/sh;
			shellScript = "\"${PODS_ROOT}/Target Support Files/Pods-AyanaFoodOrganic/Pods-AyanaFoodOrganic-frameworks.sh\"\n";
			showEnvVarsInLog = 0;
		};
		A8A7705FBA05A0D1BCD489A9 /* [CP] Copy Pods Resources */ = {
			isa = PBXShellScriptBuildPhase;
			buildActionMask = 2147483647;
			files = (
			);
			inputFileListPaths = (
				"${PODS_ROOT}/Target Support Files/Pods-AyanaFoodOrganic-AyanaFoodOrganicTests/Pods-AyanaFoodOrganic-AyanaFoodOrganicTests-resources-${CONFIGURATION}-input-files.xcfilelist",
			);
			name = "[CP] Copy Pods Resources";
			outputFileListPaths = (
				"${PODS_ROOT}/Target Support Files/Pods-AyanaFoodOrganic-AyanaFoodOrganicTests/Pods-AyanaFoodOrganic-AyanaFoodOrganicTests-resources-${CONFIGURATION}-output-files.xcfilelist",
			);
			runOnlyForDeploymentPostprocessing = 0;
			shellPath = /bin/sh;
			shellScript = "\"${PODS_ROOT}/Target Support Files/Pods-AyanaFoodOrganic-AyanaFoodOrganicTests/Pods-AyanaFoodOrganic-AyanaFoodOrganicTests-resources.sh\"\n";
			showEnvVarsInLog = 0;
		};
		A8B23E6613B3AFB78FD21520 /* [CP] Check Pods Manifest.lock */ = {
			isa = PBXShellScriptBuildPhase;
			buildActionMask = 2147483647;
			files = (
			);
			inputFileListPaths = (
			);
			inputPaths = (
				"${PODS_PODFILE_DIR_PATH}/Podfile.lock",
				"${PODS_ROOT}/Manifest.lock",
			);
			name = "[CP] Check Pods Manifest.lock";
			outputFileListPaths = (
			);
			outputPaths = (
				"$(DERIVED_FILE_DIR)/Pods-AyanaFoodOrganic-AyanaFoodOrganicTests-checkManifestLockResult.txt",
			);
			runOnlyForDeploymentPostprocessing = 0;
			shellPath = /bin/sh;
			shellScript = "diff \"${PODS_PODFILE_DIR_PATH}/Podfile.lock\" \"${PODS_ROOT}/Manifest.lock\" > /dev/null\nif [ $? != 0 ] ; then\n    # print error to STDERR\n    echo \"error: The sandbox is not in sync with the Podfile.lock. Run 'pod install' or update your CocoaPods installation.\" >&2\n    exit 1\nfi\n# This output is used by Xcode 'outputs' to avoid re-running this script phase.\necho \"SUCCESS\" > \"${SCRIPT_OUTPUT_FILE_0}\"\n";
			showEnvVarsInLog = 0;
		};
		FD10A7F022414F080027D42C /* Start Packager */ = {
			isa = PBXShellScriptBuildPhase;
			buildActionMask = 2147483647;
			files = (
			);
			inputFileListPaths = (
			);
			inputPaths = (
			);
			name = "Start Packager";
			outputFileListPaths = (
			);
			outputPaths = (
			);
			runOnlyForDeploymentPostprocessing = 0;
			shellPath = /bin/sh;
			shellScript = "export RCT_METRO_PORT=\"${RCT_METRO_PORT:=8081}\"\necho \"export RCT_METRO_PORT=${RCT_METRO_PORT}\" > \"${SRCROOT}/../node_modules/react-native/scripts/.packager.env\"\nif [ -z \"${RCT_NO_LAUNCH_PACKAGER+xxx}\" ] ; then\n  if nc -w 5 -z localhost ${RCT_METRO_PORT} ; then\n    if ! curl -s \"http://localhost:${RCT_METRO_PORT}/status\" | grep -q \"packager-status:running\" ; then\n      echo \"Port ${RCT_METRO_PORT} already in use, packager is either not running or not running correctly\"\n      exit 2\n    fi\n  else\n    open \"$SRCROOT/../node_modules/react-native/scripts/launchPackager.command\" || echo \"Can't start packager automatically\"\n  fi\nfi\n";
			showEnvVarsInLog = 0;
		};
/* End PBXShellScriptBuildPhase section */

/* Begin PBXSourcesBuildPhase section */
		00E356EA1AD99517003FC87E /* Sources */ = {
			isa = PBXSourcesBuildPhase;
			buildActionMask = 2147483647;
			files = (
				00E356F31AD99517003FC87E /* AyanaFoodOrganicTests.m in Sources */,
			);
			runOnlyForDeploymentPostprocessing = 0;
		};
		13B07F871A680F5B00A75B9A /* Sources */ = {
			isa = PBXSourcesBuildPhase;
			buildActionMask = 2147483647;
			files = (
				13B07FBC1A68108700A75B9A /* AppDelegate.m in Sources */,
				13B07FC11A68108700A75B9A /* main.m in Sources */,
			);
			runOnlyForDeploymentPostprocessing = 0;
		};
/* End PBXSourcesBuildPhase section */

/* Begin PBXTargetDependency section */
		00E356F51AD99517003FC87E /* PBXTargetDependency */ = {
			isa = PBXTargetDependency;
			target = 13B07F861A680F5B00A75B9A /* AyanaFoodOrganic */;
			targetProxy = 00E356F41AD99517003FC87E /* PBXContainerItemProxy */;
		};
/* End PBXTargetDependency section */

/* Begin XCBuildConfiguration section */
		00E356F61AD99517003FC87E /* Debug */ = {
			isa = XCBuildConfiguration;
			baseConfigurationReference = AC5F03C814CD67CDCD9C8D83 /* Pods-AyanaFoodOrganic-AyanaFoodOrganicTests.debug.xcconfig */;
			buildSettings = {
				BUNDLE_LOADER = "$(TEST_HOST)";
				GCC_PREPROCESSOR_DEFINITIONS = (
					"DEBUG=1",
					"$(inherited)",
				);
				INFOPLIST_FILE = AyanaFoodOrganicTests/Info.plist;
				IPHONEOS_DEPLOYMENT_TARGET = 11.0;
				LD_RUNPATH_SEARCH_PATHS = (
					"$(inherited)",
					"@executable_path/Frameworks",
					"@loader_path/Frameworks",
				);
				OTHER_LDFLAGS = (
					"-ObjC",
					"-lc++",
					"$(inherited)",
				);
				PRODUCT_BUNDLE_IDENTIFIER = "org.reactjs.native.example.$(PRODUCT_NAME:rfc1034identifier)";
				PRODUCT_NAME = "$(TARGET_NAME)";
				TEST_HOST = "$(BUILT_PRODUCTS_DIR)/AyanaFoodOrganic.app/AyanaFoodOrganic";
			};
			name = Debug;
		};
		00E356F71AD99517003FC87E /* Release */ = {
			isa = XCBuildConfiguration;
			baseConfigurationReference = 46C5C1C87EA0129B8BB20897 /* Pods-AyanaFoodOrganic-AyanaFoodOrganicTests.release.xcconfig */;
			buildSettings = {
				BUNDLE_LOADER = "$(TEST_HOST)";
				COPY_PHASE_STRIP = NO;
				INFOPLIST_FILE = AyanaFoodOrganicTests/Info.plist;
				IPHONEOS_DEPLOYMENT_TARGET = 11.0;
				LD_RUNPATH_SEARCH_PATHS = (
					"$(inherited)",
					"@executable_path/Frameworks",
					"@loader_path/Frameworks",
				);
				OTHER_LDFLAGS = (
					"-ObjC",
					"-lc++",
					"$(inherited)",
				);
				PRODUCT_BUNDLE_IDENTIFIER = "org.reactjs.native.example.$(PRODUCT_NAME:rfc1034identifier)";
				PRODUCT_NAME = "$(TARGET_NAME)";
				TEST_HOST = "$(BUILT_PRODUCTS_DIR)/AyanaFoodOrganic.app/AyanaFoodOrganic";
			};
			name = Release;
		};
		13B07F941A680F5B00A75B9A /* Debug */ = {
			isa = XCBuildConfiguration;
			baseConfigurationReference = 3A6C7FAC07F6713575C79F5B /* Pods-AyanaFoodOrganic.debug.xcconfig */;
			buildSettings = {
				ASSETCATALOG_COMPILER_APPICON_NAME = AppIcon;
				CLANG_ENABLE_MODULES = YES;
				CURRENT_PROJECT_VERSION = 1;
				ENABLE_BITCODE = NO;
				INFOPLIST_FILE = AyanaFoodOrganic/Info.plist;
				LD_RUNPATH_SEARCH_PATHS = (
					"$(inherited)",
					"@executable_path/Frameworks",
				);
				OTHER_LDFLAGS = (
					"$(inherited)",
					"-ObjC",
					"-lc++",
				);
				PRODUCT_BUNDLE_IDENTIFIER = "org.reactjs.native.example.$(PRODUCT_NAME:rfc1034identifier)";
				PRODUCT_NAME = AyanaFoodOrganic;
				SWIFT_OPTIMIZATION_LEVEL = "-Onone";
				SWIFT_VERSION = 5.0;
				VERSIONING_SYSTEM = "apple-generic";
			};
			name = Debug;
		};
		13B07F951A680F5B00A75B9A /* Release */ = {
			isa = XCBuildConfiguration;
			baseConfigurationReference = CFF227D31C056BA02C900EF0 /* Pods-AyanaFoodOrganic.release.xcconfig */;
			buildSettings = {
				ASSETCATALOG_COMPILER_APPICON_NAME = AppIcon;
				CLANG_ENABLE_MODULES = YES;
				CURRENT_PROJECT_VERSION = 1;
				INFOPLIST_FILE = AyanaFoodOrganic/Info.plist;
				LD_RUNPATH_SEARCH_PATHS = (
					"$(inherited)",
					"@executable_path/Frameworks",
				);
				OTHER_LDFLAGS = (
					"$(inherited)",
					"-ObjC",
					"-lc++",
				);
				PRODUCT_BUNDLE_IDENTIFIER = "org.reactjs.native.example.$(PRODUCT_NAME:rfc1034identifier)";
				PRODUCT_NAME = AyanaFoodOrganic;
				SWIFT_VERSION = 5.0;
				VERSIONING_SYSTEM = "apple-generic";
			};
			name = Release;
		};
		83CBBA201A601CBA00E9B192 /* Debug */ = {
			isa = XCBuildConfiguration;
			buildSettings = {
				ALWAYS_SEARCH_USER_PATHS = NO;
				CLANG_ANALYZER_LOCALIZABILITY_NONLOCALIZED = YES;
				CLANG_CXX_LANGUAGE_STANDARD = "gnu++0x";
				CLANG_CXX_LIBRARY = "libc++";
				CLANG_ENABLE_MODULES = YES;
				CLANG_ENABLE_OBJC_ARC = YES;
				CLANG_WARN_BLOCK_CAPTURE_AUTORELEASING = YES;
				CLANG_WARN_BOOL_CONVERSION = YES;
				CLANG_WARN_COMMA = YES;
				CLANG_WARN_CONSTANT_CONVERSION = YES;
				CLANG_WARN_DEPRECATED_OBJC_IMPLEMENTATIONS = YES;
				CLANG_WARN_DIRECT_OBJC_ISA_USAGE = YES_ERROR;
				CLANG_WARN_EMPTY_BODY = YES;
				CLANG_WARN_ENUM_CONVERSION = YES;
				CLANG_WARN_INFINITE_RECURSION = YES;
				CLANG_WARN_INT_CONVERSION = YES;
				CLANG_WARN_NON_LITERAL_NULL_CONVERSION = YES;
				CLANG_WARN_OBJC_IMPLICIT_RETAIN_SELF = YES;
				CLANG_WARN_OBJC_LITERAL_CONVERSION = YES;
				CLANG_WARN_OBJC_ROOT_CLASS = YES_ERROR;
				CLANG_WARN_QUOTED_INCLUDE_IN_FRAMEWORK_HEADER = YES;
				CLANG_WARN_RANGE_LOOP_ANALYSIS = YES;
				CLANG_WARN_STRICT_PROTOTYPES = YES;
				CLANG_WARN_SUSPICIOUS_MOVE = YES;
				CLANG_WARN_UNREACHABLE_CODE = YES;
				CLANG_WARN__DUPLICATE_METHOD_MATCH = YES;
				"CODE_SIGN_IDENTITY[sdk=iphoneos*]" = "iPhone Developer";
				COPY_PHASE_STRIP = NO;
				ENABLE_STRICT_OBJC_MSGSEND = YES;
				ENABLE_TESTABILITY = YES;
				"EXCLUDED_ARCHS[sdk=iphonesimulator*]" = "";
				GCC_C_LANGUAGE_STANDARD = gnu99;
				GCC_DYNAMIC_NO_PIC = NO;
				GCC_NO_COMMON_BLOCKS = YES;
				GCC_OPTIMIZATION_LEVEL = 0;
				GCC_PREPROCESSOR_DEFINITIONS = (
					"DEBUG=1",
					"$(inherited)",
				);
				GCC_SYMBOLS_PRIVATE_EXTERN = NO;
				GCC_WARN_64_TO_32_BIT_CONVERSION = YES;
				GCC_WARN_ABOUT_RETURN_TYPE = YES_ERROR;
				GCC_WARN_UNDECLARED_SELECTOR = YES;
				GCC_WARN_UNINITIALIZED_AUTOS = YES_AGGRESSIVE;
				GCC_WARN_UNUSED_FUNCTION = YES;
				GCC_WARN_UNUSED_VARIABLE = YES;
				IPHONEOS_DEPLOYMENT_TARGET = 11.0;
				LD_RUNPATH_SEARCH_PATHS = (
					/usr/lib/swift,
					"$(inherited)",
				);
				LIBRARY_SEARCH_PATHS = (
					"\"$(SDKROOT)/usr/lib/swift\"",
					"\"$(TOOLCHAIN_DIR)/usr/lib/swift/$(PLATFORM_NAME)\"",
					"\"$(inherited)\"",
				);
				MTL_ENABLE_DEBUG_INFO = YES;
				ONLY_ACTIVE_ARCH = YES;
				SDKROOT = iphoneos;
			};
			name = Debug;
		};
		83CBBA211A601CBA00E9B192 /* Release */ = {
			isa = XCBuildConfiguration;
			buildSettings = {
				ALWAYS_SEARCH_USER_PATHS = NO;
				CLANG_ANALYZER_LOCALIZABILITY_NONLOCALIZED = YES;
				CLANG_CXX_LANGUAGE_STANDARD = "gnu++0x";
				CLANG_CXX_LIBRARY = "libc++";
				CLANG_ENABLE_MODULES = YES;
				CLANG_ENABLE_OBJC_ARC = YES;
				CLANG_WARN_BLOCK_CAPTURE_AUTORELEASING = YES;
				CLANG_WARN_BOOL_CONVERSION = YES;
				CLANG_WARN_COMMA = YES;
				CLANG_WARN_CONSTANT_CONVERSION = YES;
				CLANG_WARN_DEPRECATED_OBJC_IMPLEMENTATIONS = YES;
				CLANG_WARN_DIRECT_OBJC_ISA_USAGE = YES_ERROR;
				CLANG_WARN_EMPTY_BODY = YES;
				CLANG_WARN_ENUM_CONVERSION = YES;
				CLANG_WARN_INFINITE_RECURSION = YES;
				CLANG_WARN_INT_CONVERSION = YES;
				CLANG_WARN_NON_LITERAL_NULL_CONVERSION = YES;
				CLANG_WARN_OBJC_IMPLICIT_RETAIN_SELF = YES;
				CLANG_WARN_OBJC_LITERAL_CONVERSION = YES;
				CLANG_WARN_OBJC_ROOT_CLASS = YES_ERROR;
				CLANG_WARN_QUOTED_INCLUDE_IN_FRAMEWORK_HEADER = YES;
				CLANG_WARN_RANGE_LOOP_ANALYSIS = YES;
				CLANG_WARN_STRICT_PROTOTYPES = YES;
				CLANG_WARN_SUSPICIOUS_MOVE = YES;
				CLANG_WARN_UNREACHABLE_CODE = YES;
				CLANG_WARN__DUPLICATE_METHOD_MATCH = YES;
				"CODE_SIGN_IDENTITY[sdk=iphoneos*]" = "iPhone Developer";
				COPY_PHASE_STRIP = YES;
				ENABLE_NS_ASSERTIONS = NO;
				ENABLE_STRICT_OBJC_MSGSEND = YES;
				"EXCLUDED_ARCHS[sdk=iphonesimulator*]" = "";
				GCC_C_LANGUAGE_STANDARD = gnu99;
				GCC_NO_COMMON_BLOCKS = YES;
				GCC_WARN_64_TO_32_BIT_CONVERSION = YES;
				GCC_WARN_ABOUT_RETURN_TYPE = YES_ERROR;
				GCC_WARN_UNDECLARED_SELECTOR = YES;
				GCC_WARN_UNINITIALIZED_AUTOS = YES_AGGRESSIVE;
				GCC_WARN_UNUSED_FUNCTION = YES;
				GCC_WARN_UNUSED_VARIABLE = YES;
				IPHONEOS_DEPLOYMENT_TARGET = 11.0;
				LD_RUNPATH_SEARCH_PATHS = (
					/usr/lib/swift,
					"$(inherited)",
				);
				LIBRARY_SEARCH_PATHS = (
					"\"$(SDKROOT)/usr/lib/swift\"",
					"\"$(TOOLCHAIN_DIR)/usr/lib/swift/$(PLATFORM_NAME)\"",
					"\"$(inherited)\"",
				);
				MTL_ENABLE_DEBUG_INFO = NO;
				SDKROOT = iphoneos;
				VALIDATE_PRODUCT = YES;
			};
			name = Release;
		};
/* End XCBuildConfiguration section */

/* Begin XCConfigurationList section */
		00E357021AD99517003FC87E /* Build configuration list for PBXNativeTarget "AyanaFoodOrganicTests" */ = {
			isa = XCConfigurationList;
			buildConfigurations = (
				00E356F61AD99517003FC87E /* Debug */,
				00E356F71AD99517003FC87E /* Release */,
			);
			defaultConfigurationIsVisible = 0;
			defaultConfigurationName = Release;
		};
		13B07F931A680F5B00A75B9A /* Build configuration list for PBXNativeTarget "AyanaFoodOrganic" */ = {
			isa = XCConfigurationList;
			buildConfigurations = (
				13B07F941A680F5B00A75B9A /* Debug */,
				13B07F951A680F5B00A75B9A /* Release */,
			);
			defaultConfigurationIsVisible = 0;
			defaultConfigurationName = Release;
		};
		83CBB9FA1A601CBA00E9B192 /* Build configuration list for PBXProject "AyanaFoodOrganic" */ = {
			isa = XCConfigurationList;
			buildConfigurations = (
				83CBBA201A601CBA00E9B192 /* Debug */,
				83CBBA211A601CBA00E9B192 /* Release */,
			);
			defaultConfigurationIsVisible = 0;
			defaultConfigurationName = Release;
		};
/* End XCConfigurationList section */
	};
	rootObject = 83CBB9F71A601CBA00E9B192 /* Project object */;
}
